# THIS IS AN AUTOGENERATED FILE. DO NOT EDIT THIS FILE DIRECTLY.
# yarn lockfile v1


"@babel/runtime@7.x":
  version "7.11.2"
  resolved "https://registry.npm.taobao.org/@babel/runtime/download/@babel/runtime-7.11.2.tgz?cache=0&sync_timestamp=1596637820375&other_urls=https%3A%2F%2Fregistry.npm.taobao.org%2F%40babel%2Fruntime%2Fdownload%2F%40babel%2Fruntime-7.11.2.tgz#f549c13c754cc40b87644b9fa9f09a6a95fe0736"
  integrity sha1-9UnBPHVMxAuHZEufqfCaapX+BzY=
  dependencies:
    regenerator-runtime "^0.13.4"

"@vant/icons@1.2.5":
  version "1.2.5"
  resolved "https://registry.npm.taobao.org/@vant/icons/download/@vant/icons-1.2.5.tgz#f3db43c4b300300829e3c4e909beaa33d1cbe786"
  integrity sha1-89tDxLMAMAgp48TpCb6qM9HL54Y=

"@vue/babel-helper-vue-jsx-merge-props@^1.0.0":
  version "1.0.0"
  resolved "https://registry.npm.taobao.org/@vue/babel-helper-vue-jsx-merge-props/download/@vue/babel-helper-vue-jsx-merge-props-1.0.0.tgz#048fe579958da408fb7a8b2a3ec050b50a661040"
  integrity sha1-BI/leZWNpAj7eosqPsBQtQpmEEA=

regenerator-runtime@^0.13.4:
  version "0.13.7"
  resolved "https://registry.npm.taobao.org/regenerator-runtime/download/regenerator-runtime-0.13.7.tgz?cache=0&sync_timestamp=1595456105304&other_urls=https%3A%2F%2Fregistry.npm.taobao.org%2Fregenerator-runtime%2Fdownload%2Fregenerator-runtime-0.13.7.tgz#cac2dacc8a1ea675feaabaeb8ae833898ae46f55"
  integrity sha1-ysLazIoepnX+qrrriugziYrkb1U=

vant@^2.10.2:
  version "2.10.2"
  resolved "https://registry.npm.taobao.org/vant/download/vant-2.10.2.tgz?cache=0&sync_timestamp=1598067792021&other_urls=https%3A%2F%2Fregistry.npm.taobao.org%2Fvant%2Fdownload%2Fvant-2.10.2.tgz#f792d8583315c932f4a70051c122904b9c6e5002"
  integrity sha1-95LYWDMVyTL0pwBRwSKQS5xuUAI=
  dependencies:
    "@babel/runtime" "7.x"
    "@vant/icons" "1.2.5"
    "@vue/babel-helper-vue-jsx-merge-props" "^1.0.0"
    vue-lazyload "1.2.3"

vue-lazyload@1.2.3:
  version "1.2.3"
  resolved "https://registry.npm.taobao.org/vue-lazyload/download/vue-lazyload-1.2.3.tgz#901f9ec15c7e6ca78781a2bae4a343686bdedb2c"
  integrity sha1-kB+ewVx+bKeHgaK65KNDaGve2yw=
